
Microsoft Visual Studio Solution File, Format Version 12.00
# Visual Studio Version 17
VisualStudioVersion = 17.8.34525.116
MinimumVisualStudioVersion = 10.0.40219.1
Project("{FAE04EC0-301F-11D3-BF4B-00C04F79EFBC}") = "TestProject.Server", "TestProject.Server\TestProject.Server.csproj", "{8A9FC7CE-F63D-4210-9811-61A4D5287497}"
EndProject
Project("{54A90642-561A-4BB1-A94E-469ADEE60C69}") = "testproject.client", "testproject.client\testproject.client.esproj", "{DA5B1B28-E9A5-49F5-8189-1A783154E46F}"
EndProject
Global
	GlobalSection(SolutionConfigurationPlatforms) = preSolution
		Debug|Any CPU = Debug|Any CPU
		Release|Any CPU = Release|Any CPU
	EndGlobalSection
	GlobalSection(ProjectConfigurationPlatforms) = postSolution
		{8A9FC7CE-F63D-4210-9811-61A4D5287497}.Debug|Any CPU.ActiveCfg = Debug|Any CPU
		{8A9FC7CE-F63D-4210-9811-61A4D5287497}.Debug|Any CPU.Build.0 = Debug|Any CPU
		{8A9FC7CE-F63D-4210-9811-61A4D5287497}.Release|Any CPU.ActiveCfg = Release|Any CPU
		{8A9FC7CE-F63D-4210-9811-61A4D5287497}.Release|Any CPU.Build.0 = Release|Any CPU
		{DA5B1B28-E9A5-49F5-8189-1A783154E46F}.Debug|Any CPU.ActiveCfg = Debug|Any CPU
		{DA5B1B28-E9A5-49F5-8189-1A783154E46F}.Debug|Any CPU.Build.0 = Debug|Any CPU
		{DA5B1B28-E9A5-49F5-8189-1A783154E46F}.Debug|Any CPU.Deploy.0 = Debug|Any CPU
		{DA5B1B28-E9A5-49F5-8189-1A783154E46F}.Release|Any CPU.ActiveCfg = Release|Any CPU
		{DA5B1B28-E9A5-49F5-8189-1A783154E46F}.Release|Any CPU.Build.0 = Release|Any CPU
		{DA5B1B28-E9A5-49F5-8189-1A783154E46F}.Release|Any CPU.Deploy.0 = Release|Any CPU
	EndGlobalSection
	GlobalSection(SolutionProperties) = preSolution
		HideSolutionNode = FALSE
	EndGlobalSection
	GlobalSection(ExtensibilityGlobals) = postSolution
		SolutionGuid = {BF025472-3561-41B2-85F7-2D61B02F620C}
	EndGlobalSection
EndGlobal
